
Microsoft Visual Studio Solution File, Format Version 12.00
# Visual Studio Version 17
VisualStudioVersion = 17.6.33829.357
MinimumVisualStudioVersion = 10.0.40219.1
Project("{9A19103F-16F7-4668-BE54-9A1E7A4F7556}") = "RingCentral.Softphone.Net", "RingCentral.Softphone.Net\RingCentral.Softphone.Net.csproj", "{E95A2FF2-BBED-4BA3-B851-447B67E32F9C}"
EndProject
Project("{9A19103F-16F7-4668-BE54-9A1E7A4F7556}") = "RingCentral.Softphone.Demo", "RingCentral.Softphone.Demo\RingCentral.Softphone.Demo.csproj", "{9C0E0EBA-0D86-4E40-A13D-3F9914C70129}"
EndProject
Global
	GlobalSection(SolutionConfigurationPlatforms) = preSolution
		Debug|Any CPU = Debug|Any CPU
		Release|Any CPU = Release|Any CPU
	EndGlobalSection
	GlobalSection(ProjectConfigurationPlatforms) = postSolution
		{E95A2FF2-BBED-4BA3-B851-447B67E32F9C}.Debug|Any CPU.ActiveCfg = Debug|Any CPU
		{E95A2FF2-BBED-4BA3-B851-447B67E32F9C}.Debug|Any CPU.Build.0 = Debug|Any CPU
		{E95A2FF2-BBED-4BA3-B851-447B67E32F9C}.Release|Any CPU.ActiveCfg = Release|Any CPU
		{E95A2FF2-BBED-4BA3-B851-447B67E32F9C}.Release|Any CPU.Build.0 = Release|Any CPU
		{9C0E0EBA-0D86-4E40-A13D-3F9914C70129}.Debug|Any CPU.ActiveCfg = Debug|Any CPU
		{9C0E0EBA-0D86-4E40-A13D-3F9914C70129}.Debug|Any CPU.Build.0 = Debug|Any CPU
		{9C0E0EBA-0D86-4E40-A13D-3F9914C70129}.Release|Any CPU.ActiveCfg = Release|Any CPU
		{9C0E0EBA-0D86-4E40-A13D-3F9914C70129}.Release|Any CPU.Build.0 = Release|Any CPU
	EndGlobalSection
	GlobalSection(SolutionProperties) = preSolution
		HideSolutionNode = FALSE
	EndGlobalSection
	GlobalSection(ExtensibilityGlobals) = postSolution
		SolutionGuid = {C53C39AC-DC40-47CA-8328-C7C1608BA2CD}
	EndGlobalSection
EndGlobal
